
Microsoft Visual Studio Solution File, Format Version 12.00
# Visual Studio Version 17
VisualStudioVersion = 17.1.32210.238
MinimumVisualStudioVersion = 10.0.40219.1
Project("{FAE04EC0-301F-11D3-BF4B-00C04F79EFBC}") = "LabAssignment2", "LabAssignment2\LabAssignment2.csproj", "{561D9FE0-A2BD-4E1D-A41F-F02F12DB44A4}"
EndProject
Global
	GlobalSection(SolutionConfigurationPlatforms) = preSolution
		Debug|Any CPU = Debug|Any CPU
		Release|Any CPU = Release|Any CPU
	EndGlobalSection
	GlobalSection(ProjectConfigurationPlatforms) = postSolution
		{561D9FE0-A2BD-4E1D-A41F-F02F12DB44A4}.Debug|Any CPU.ActiveCfg = Debug|Any CPU
		{561D9FE0-A2BD-4E1D-A41F-F02F12DB44A4}.Debug|Any CPU.Build.0 = Debug|Any CPU
		{561D9FE0-A2BD-4E1D-A41F-F02F12DB44A4}.Release|Any CPU.ActiveCfg = Release|Any CPU
		{561D9FE0-A2BD-4E1D-A41F-F02F12DB44A4}.Release|Any CPU.Build.0 = Release|Any CPU
	EndGlobalSection
	GlobalSection(SolutionProperties) = preSolution
		HideSolutionNode = FALSE
	EndGlobalSection
	GlobalSection(ExtensibilityGlobals) = postSolution
		SolutionGuid = {90990ADA-5C61-4CC1-B500-9B5E05421447}
	EndGlobalSection
EndGlobal
